
Microsoft Visual Studio Solution File, Format Version 12.00
# Visual Studio Version 17
VisualStudioVersion = 17.14.36212.18 d17.14
MinimumVisualStudioVersion = 10.0.40219.1
Project("{FAE04EC0-301F-11D3-BF4B-00C04F79EFBC}") = "Telemetry Device", "Telemetry Device\Telemetry Device.csproj", "{30AAC954-B32A-49E2-8CEB-E513D9F28F6F}"
EndProject
Global
	GlobalSection(SolutionConfigurationPlatforms) = preSolution
		Debug|Any CPU = Debug|Any CPU
		Release|Any CPU = Release|Any CPU
	EndGlobalSection
	GlobalSection(ProjectConfigurationPlatforms) = postSolution
		{30AAC954-B32A-49E2-8CEB-E513D9F28F6F}.Debug|Any CPU.ActiveCfg = Debug|Any CPU
		{30AAC954-B32A-49E2-8CEB-E513D9F28F6F}.Debug|Any CPU.Build.0 = Debug|Any CPU
		{30AAC954-B32A-49E2-8CEB-E513D9F28F6F}.Release|Any CPU.ActiveCfg = Release|Any CPU
		{30AAC954-B32A-49E2-8CEB-E513D9F28F6F}.Release|Any CPU.Build.0 = Release|Any CPU
	EndGlobalSection
	GlobalSection(SolutionProperties) = preSolution
		HideSolutionNode = FALSE
	EndGlobalSection
	GlobalSection(ExtensibilityGlobals) = postSolution
		SolutionGuid = {53FD0C58-DF0F-4D1D-85F0-706239884BAF}
	EndGlobalSection
EndGlobal
